
Microsoft Visual Studio Solution File, Format Version 12.00
# Visual Studio Version 16
VisualStudioVersion = 16.0.30002.166
MinimumVisualStudioVersion = 10.0.40219.1
Project("{9A19103F-16F7-4668-BE54-9A1E7A4F7556}") = "CalculatorGUI", "sciCalculator\CalculatorGUI.csproj", "{FEFE6C5E-7584-4C29-9ABA-9984A09543B9}"
EndProject
Project("{9A19103F-16F7-4668-BE54-9A1E7A4F7556}") = "Calculator", "Calculator\Calculator.csproj", "{C70FFD68-71D4-4B7D-906C-1EE123468667}"
EndProject
Project("{FAE04EC0-301F-11D3-BF4B-00C04F79EFBC}") = "CalculatorTests", "CalculatorTests\CalculatorTests.csproj", "{7198FEE3-DD8B-4A3D-B481-CA9678BA3B6C}"
EndProject
Global
	GlobalSection(SolutionConfigurationPlatforms) = preSolution
		Debug|Any CPU = Debug|Any CPU
		Release|Any CPU = Release|Any CPU
	EndGlobalSection
	GlobalSection(ProjectConfigurationPlatforms) = postSolution
		{FEFE6C5E-7584-4C29-9ABA-9984A09543B9}.Debug|Any CPU.ActiveCfg = Debug|Any CPU
		{FEFE6C5E-7584-4C29-9ABA-9984A09543B9}.Debug|Any CPU.Build.0 = Debug|Any CPU
		{FEFE6C5E-7584-4C29-9ABA-9984A09543B9}.Release|Any CPU.ActiveCfg = Release|Any CPU
		{FEFE6C5E-7584-4C29-9ABA-9984A09543B9}.Release|Any CPU.Build.0 = Release|Any CPU
		{C70FFD68-71D4-4B7D-906C-1EE123468667}.Debug|Any CPU.ActiveCfg = Debug|Any CPU
		{C70FFD68-71D4-4B7D-906C-1EE123468667}.Debug|Any CPU.Build.0 = Debug|Any CPU
		{C70FFD68-71D4-4B7D-906C-1EE123468667}.Release|Any CPU.ActiveCfg = Release|Any CPU
		{C70FFD68-71D4-4B7D-906C-1EE123468667}.Release|Any CPU.Build.0 = Release|Any CPU
		{7198FEE3-DD8B-4A3D-B481-CA9678BA3B6C}.Debug|Any CPU.ActiveCfg = Debug|Any CPU
		{7198FEE3-DD8B-4A3D-B481-CA9678BA3B6C}.Debug|Any CPU.Build.0 = Debug|Any CPU
		{7198FEE3-DD8B-4A3D-B481-CA9678BA3B6C}.Release|Any CPU.ActiveCfg = Release|Any CPU
		{7198FEE3-DD8B-4A3D-B481-CA9678BA3B6C}.Release|Any CPU.Build.0 = Release|Any CPU
	EndGlobalSection
	GlobalSection(SolutionProperties) = preSolution
		HideSolutionNode = FALSE
	EndGlobalSection
	GlobalSection(ExtensibilityGlobals) = postSolution
		SolutionGuid = {905E7E84-A2E4-447E-B5FD-7925D973A792}
	EndGlobalSection
EndGlobal
